
Microsoft Visual Studio Solution File, Format Version 12.00
# Visual Studio 15
VisualStudioVersion = 15.0.27428.2027
MinimumVisualStudioVersion = 10.0.40219.1
Project("{FAE04EC0-301F-11D3-BF4B-00C04F79EFBC}") = "GamesWorld", "GamesWorld\GamesWorld.csproj", "{9267496B-45A4-459A-A24B-D3CBBD4FD796}"
EndProject
Global
	GlobalSection(SolutionConfigurationPlatforms) = preSolution
		Debug|Any CPU = Debug|Any CPU
		Release|Any CPU = Release|Any CPU
	EndGlobalSection
	GlobalSection(ProjectConfigurationPlatforms) = postSolution
		{9267496B-45A4-459A-A24B-D3CBBD4FD796}.Debug|Any CPU.ActiveCfg = Debug|Any CPU
		{9267496B-45A4-459A-A24B-D3CBBD4FD796}.Debug|Any CPU.Build.0 = Debug|Any CPU
		{9267496B-45A4-459A-A24B-D3CBBD4FD796}.Release|Any CPU.ActiveCfg = Release|Any CPU
		{9267496B-45A4-459A-A24B-D3CBBD4FD796}.Release|Any CPU.Build.0 = Release|Any CPU
	EndGlobalSection
	GlobalSection(SolutionProperties) = preSolution
		HideSolutionNode = FALSE
	EndGlobalSection
	GlobalSection(ExtensibilityGlobals) = postSolution
		SolutionGuid = {F078D56A-D5B0-4FBC-8EDA-06521F13651F}
	EndGlobalSection
EndGlobal
